
Microsoft Visual Studio Solution File, Format Version 10.00
# Visual Studio 2008
Project("{FAE04EC0-301F-11D3-BF4B-00C04F79EFBC}") = "War3Trainer", "War3Trainer\War3Trainer.csproj", "{4FE18447-C63F-4B0B-BAC4-A45B2DCD6259}"
EndProject
Global
	GlobalSection(SolutionConfigurationPlatforms) = preSolution
		Debug|Any CPU = Debug|Any CPU
		Release|Any CPU = Release|Any CPU
	EndGlobalSection
	GlobalSection(ProjectConfigurationPlatforms) = postSolution
		{4FE18447-C63F-4B0B-BAC4-A45B2DCD6259}.Debug|Any CPU.ActiveCfg = Debug|Any CPU
		{4FE18447-C63F-4B0B-BAC4-A45B2DCD6259}.Debug|Any CPU.Build.0 = Debug|Any CPU
		{4FE18447-C63F-4B0B-BAC4-A45B2DCD6259}.Release|Any CPU.ActiveCfg = Release|Any CPU
		{4FE18447-C63F-4B0B-BAC4-A45B2DCD6259}.Release|Any CPU.Build.0 = Release|Any CPU
	EndGlobalSection
	GlobalSection(SolutionProperties) = preSolution
		HideSolutionNode = FALSE
	EndGlobalSection
EndGlobal
